
Microsoft Visual Studio Solution File, Format Version 12.00
# Visual Studio Version 17
VisualStudioVersion = 17.10.35013.160
MinimumVisualStudioVersion = 10.0.40219.1
Project("{2150E333-8FDC-42A3-9474-1A3956D46DE8}") = "Services", "Services", "{BE7762AB-7A71-45D7-84F0-3056309D2863}"
EndProject
Project("{2150E333-8FDC-42A3-9474-1A3956D46DE8}") = "Carting", "Carting", "{55AC5FDA-DAEA-4FF8-9F45-E1C6B9468A78}"
EndProject
Project("{2150E333-8FDC-42A3-9474-1A3956D46DE8}") = "Catalog", "Catalog", "{9EAD46C1-F2EA-4F5B-8F6D-7B2695ADB16E}"
EndProject
Project("{9A19103F-16F7-4668-BE54-9A1E7A4F7556}") = "CartingService.Api", "Services\Carting\CartingService.Api\CartingService.Api.csproj", "{6934BA8D-B473-4C16-A2CE-C8A628CB0790}"
EndProject
Project("{2150E333-8FDC-42A3-9474-1A3956D46DE8}") = "Clients", "Clients", "{FA5AEDD0-DC22-45DD-84A4-70CF70F8706A}"
EndProject
Project("{2150E333-8FDC-42A3-9474-1A3956D46DE8}") = "Gateways", "Gateways", "{D7B5756E-036A-44A8-B0A5-3C16BFC7019A}"
EndProject
Project("{2150E333-8FDC-42A3-9474-1A3956D46DE8}") = "BuildingBlocks", "BuildingBlocks", "{591375CC-ED4C-4CBC-845A-353F39E3F091}"
EndProject
Project("{2150E333-8FDC-42A3-9474-1A3956D46DE8}") = "Shared", "Shared", "{D656D893-5A1A-44BC-A514-0DF622D53E22}"
EndProject
Project("{2150E333-8FDC-42A3-9474-1A3956D46DE8}") = "Identity", "Identity", "{215735C1-9D3E-44D1-8AC9-3DD286F210AF}"
EndProject
Project("{9A19103F-16F7-4668-BE54-9A1E7A4F7556}") = "CartingService.Application", "Services\Carting\CartingService.Application\CartingService.Application.csproj", "{ADB4AC31-849C-40A3-B8EE-3011CDD78B69}"
EndProject
Project("{9A19103F-16F7-4668-BE54-9A1E7A4F7556}") = "CartingService.BLL", "Services\Carting\CartingService.BLL\CartingService.BLL.csproj", "{624B07BC-1A53-42BC-9368-03052EC5BE93}"
EndProject
Project("{9A19103F-16F7-4668-BE54-9A1E7A4F7556}") = "CartingService.DAL", "Services\Carting\CartingService.DAL\CartingService.DAL.csproj", "{E1A8D6A3-AC27-4E9E-AD80-B036B72E08B0}"
EndProject
Project("{9A19103F-16F7-4668-BE54-9A1E7A4F7556}") = "CatalogService.Api", "Services\Catalog\CatalogService.Api\CatalogService.Api.csproj", "{AD4EB554-8FC8-477D-8697-C85BEA266266}"
EndProject
Project("{9A19103F-16F7-4668-BE54-9A1E7A4F7556}") = "CatalogService.Application", "Services\Catalog\CatalogService.Application\CatalogService.Application.csproj", "{A1AB1D04-D7B9-4222-A114-26567A920DF2}"
EndProject
Project("{9A19103F-16F7-4668-BE54-9A1E7A4F7556}") = "CatalogService.Domain", "Services\Catalog\CatalogService.Domain\CatalogService.Domain.csproj", "{5E39F993-66EC-4E2A-B841-4B22E8E7C187}"
EndProject
Project("{9A19103F-16F7-4668-BE54-9A1E7A4F7556}") = "CatalogService.Infrastructure", "Services\Catalog\CatalogService.Infrastructure\CatalogService.Infrastructure.csproj", "{F85F5798-5C6A-44D2-9A57-3A789F01870A}"
EndProject
Project("{9A19103F-16F7-4668-BE54-9A1E7A4F7556}") = "NStore.Messages", "BuildingBlocks\NStore.Messages\NStore.Messages.csproj", "{DE254909-ACD4-48C6-AEBB-6F3341343E61}"
EndProject
Project("{9A19103F-16F7-4668-BE54-9A1E7A4F7556}") = "NStore.Web", "Clients\NStore.Web\NStore.Web.csproj", "{17E35528-6C52-4D0B-A033-49131EE3B605}"
EndProject
Project("{9A19103F-16F7-4668-BE54-9A1E7A4F7556}") = "NStore.Shared", "Shared\NStore.Shared\NStore.Shared.csproj", "{76557A70-750E-491A-A8B0-4E0111D0ACC5}"
EndProject
Project("{9A19103F-16F7-4668-BE54-9A1E7A4F7556}") = "NStore.Gateway", "Gateways\NStore.Gateway\NStore.Gateway.csproj", "{0186E025-BFB8-43C4-B22F-6435B90DF0E2}"
EndProject
Project("{9A19103F-16F7-4668-BE54-9A1E7A4F7556}") = "NStore.Identity", "Services\Identity\NStore.Identity\NStore.Identity.csproj", "{EA9E4E34-8523-4D7D-B37D-1A17CA04AE71}"
EndProject
Project("{E53339B2-1760-4266-BCC7-CA923CBCF16C}") = "docker-compose", "docker-compose.dcproj", "{11852229-B2DE-4C1D-B859-2E04B384C6A5}"
EndProject
Project("{FAE04EC0-301F-11D3-BF4B-00C04F79EFBC}") = "NStore.Logging", "BuildingBlocks\NStore.Logging\NStore.Logging.csproj", "{C2B389E8-9386-4328-B91D-D259E2225AB3}"
EndProject
Global
	GlobalSection(SolutionConfigurationPlatforms) = preSolution
		Debug|Any CPU = Debug|Any CPU
		Release|Any CPU = Release|Any CPU
	EndGlobalSection
	GlobalSection(ProjectConfigurationPlatforms) = postSolution
		{6934BA8D-B473-4C16-A2CE-C8A628CB0790}.Debug|Any CPU.ActiveCfg = Debug|Any CPU
		{6934BA8D-B473-4C16-A2CE-C8A628CB0790}.Debug|Any CPU.Build.0 = Debug|Any CPU
		{6934BA8D-B473-4C16-A2CE-C8A628CB0790}.Release|Any CPU.ActiveCfg = Release|Any CPU
		{6934BA8D-B473-4C16-A2CE-C8A628CB0790}.Release|Any CPU.Build.0 = Release|Any CPU
		{ADB4AC31-849C-40A3-B8EE-3011CDD78B69}.Debug|Any CPU.ActiveCfg = Debug|Any CPU
		{ADB4AC31-849C-40A3-B8EE-3011CDD78B69}.Debug|Any CPU.Build.0 = Debug|Any CPU
		{ADB4AC31-849C-40A3-B8EE-3011CDD78B69}.Release|Any CPU.ActiveCfg = Release|Any CPU
		{ADB4AC31-849C-40A3-B8EE-3011CDD78B69}.Release|Any CPU.Build.0 = Release|Any CPU
		{624B07BC-1A53-42BC-9368-03052EC5BE93}.Debug|Any CPU.ActiveCfg = Debug|Any CPU
		{624B07BC-1A53-42BC-9368-03052EC5BE93}.Debug|Any CPU.Build.0 = Debug|Any CPU
		{624B07BC-1A53-42BC-9368-03052EC5BE93}.Release|Any CPU.ActiveCfg = Release|Any CPU
		{624B07BC-1A53-42BC-9368-03052EC5BE93}.Release|Any CPU.Build.0 = Release|Any CPU
		{E1A8D6A3-AC27-4E9E-AD80-B036B72E08B0}.Debug|Any CPU.ActiveCfg = Debug|Any CPU
		{E1A8D6A3-AC27-4E9E-AD80-B036B72E08B0}.Debug|Any CPU.Build.0 = Debug|Any CPU
		{E1A8D6A3-AC27-4E9E-AD80-B036B72E08B0}.Release|Any CPU.ActiveCfg = Release|Any CPU
		{E1A8D6A3-AC27-4E9E-AD80-B036B72E08B0}.Release|Any CPU.Build.0 = Release|Any CPU
		{AD4EB554-8FC8-477D-8697-C85BEA266266}.Debug|Any CPU.ActiveCfg = Debug|Any CPU
		{AD4EB554-8FC8-477D-8697-C85BEA266266}.Debug|Any CPU.Build.0 = Debug|Any CPU
		{AD4EB554-8FC8-477D-8697-C85BEA266266}.Release|Any CPU.ActiveCfg = Release|Any CPU
		{AD4EB554-8FC8-477D-8697-C85BEA266266}.Release|Any CPU.Build.0 = Release|Any CPU
		{A1AB1D04-D7B9-4222-A114-26567A920DF2}.Debug|Any CPU.ActiveCfg = Debug|Any CPU
		{A1AB1D04-D7B9-4222-A114-26567A920DF2}.Debug|Any CPU.Build.0 = Debug|Any CPU
		{A1AB1D04-D7B9-4222-A114-26567A920DF2}.Release|Any CPU.ActiveCfg = Release|Any CPU
		{A1AB1D04-D7B9-4222-A114-26567A920DF2}.Release|Any CPU.Build.0 = Release|Any CPU
		{5E39F993-66EC-4E2A-B841-4B22E8E7C187}.Debug|Any CPU.ActiveCfg = Debug|Any CPU
		{5E39F993-66EC-4E2A-B841-4B22E8E7C187}.Debug|Any CPU.Build.0 = Debug|Any CPU
		{5E39F993-66EC-4E2A-B841-4B22E8E7C187}.Release|Any CPU.ActiveCfg = Release|Any CPU
		{5E39F993-66EC-4E2A-B841-4B22E8E7C187}.Release|Any CPU.Build.0 = Release|Any CPU
		{F85F5798-5C6A-44D2-9A57-3A789F01870A}.Debug|Any CPU.ActiveCfg = Debug|Any CPU
		{F85F5798-5C6A-44D2-9A57-3A789F01870A}.Debug|Any CPU.Build.0 = Debug|Any CPU
		{F85F5798-5C6A-44D2-9A57-3A789F01870A}.Release|Any CPU.ActiveCfg = Release|Any CPU
		{F85F5798-5C6A-44D2-9A57-3A789F01870A}.Release|Any CPU.Build.0 = Release|Any CPU
		{DE254909-ACD4-48C6-AEBB-6F3341343E61}.Debug|Any CPU.ActiveCfg = Debug|Any CPU
		{DE254909-ACD4-48C6-AEBB-6F3341343E61}.Debug|Any CPU.Build.0 = Debug|Any CPU
		{DE254909-ACD4-48C6-AEBB-6F3341343E61}.Release|Any CPU.ActiveCfg = Release|Any CPU
		{DE254909-ACD4-48C6-AEBB-6F3341343E61}.Release|Any CPU.Build.0 = Release|Any CPU
		{17E35528-6C52-4D0B-A033-49131EE3B605}.Debug|Any CPU.ActiveCfg = Debug|Any CPU
		{17E35528-6C52-4D0B-A033-49131EE3B605}.Debug|Any CPU.Build.0 = Debug|Any CPU
		{17E35528-6C52-4D0B-A033-49131EE3B605}.Release|Any CPU.ActiveCfg = Release|Any CPU
		{17E35528-6C52-4D0B-A033-49131EE3B605}.Release|Any CPU.Build.0 = Release|Any CPU
		{76557A70-750E-491A-A8B0-4E0111D0ACC5}.Debug|Any CPU.ActiveCfg = Debug|Any CPU
		{76557A70-750E-491A-A8B0-4E0111D0ACC5}.Debug|Any CPU.Build.0 = Debug|Any CPU
		{76557A70-750E-491A-A8B0-4E0111D0ACC5}.Release|Any CPU.ActiveCfg = Release|Any CPU
		{76557A70-750E-491A-A8B0-4E0111D0ACC5}.Release|Any CPU.Build.0 = Release|Any CPU
		{0186E025-BFB8-43C4-B22F-6435B90DF0E2}.Debug|Any CPU.ActiveCfg = Debug|Any CPU
		{0186E025-BFB8-43C4-B22F-6435B90DF0E2}.Debug|Any CPU.Build.0 = Debug|Any CPU
		{0186E025-BFB8-43C4-B22F-6435B90DF0E2}.Release|Any CPU.ActiveCfg = Release|Any CPU
		{0186E025-BFB8-43C4-B22F-6435B90DF0E2}.Release|Any CPU.Build.0 = Release|Any CPU
		{EA9E4E34-8523-4D7D-B37D-1A17CA04AE71}.Debug|Any CPU.ActiveCfg = Debug|Any CPU
		{EA9E4E34-8523-4D7D-B37D-1A17CA04AE71}.Debug|Any CPU.Build.0 = Debug|Any CPU
		{EA9E4E34-8523-4D7D-B37D-1A17CA04AE71}.Release|Any CPU.ActiveCfg = Release|Any CPU
		{EA9E4E34-8523-4D7D-B37D-1A17CA04AE71}.Release|Any CPU.Build.0 = Release|Any CPU
		{11852229-B2DE-4C1D-B859-2E04B384C6A5}.Debug|Any CPU.ActiveCfg = Debug|Any CPU
		{11852229-B2DE-4C1D-B859-2E04B384C6A5}.Debug|Any CPU.Build.0 = Debug|Any CPU
		{11852229-B2DE-4C1D-B859-2E04B384C6A5}.Release|Any CPU.ActiveCfg = Release|Any CPU
		{11852229-B2DE-4C1D-B859-2E04B384C6A5}.Release|Any CPU.Build.0 = Release|Any CPU
		{C2B389E8-9386-4328-B91D-D259E2225AB3}.Debug|Any CPU.ActiveCfg = Debug|Any CPU
		{C2B389E8-9386-4328-B91D-D259E2225AB3}.Debug|Any CPU.Build.0 = Debug|Any CPU
		{C2B389E8-9386-4328-B91D-D259E2225AB3}.Release|Any CPU.ActiveCfg = Release|Any CPU
		{C2B389E8-9386-4328-B91D-D259E2225AB3}.Release|Any CPU.Build.0 = Release|Any CPU
	EndGlobalSection
	GlobalSection(SolutionProperties) = preSolution
		HideSolutionNode = FALSE
	EndGlobalSection
	GlobalSection(NestedProjects) = preSolution
		{55AC5FDA-DAEA-4FF8-9F45-E1C6B9468A78} = {BE7762AB-7A71-45D7-84F0-3056309D2863}
		{9EAD46C1-F2EA-4F5B-8F6D-7B2695ADB16E} = {BE7762AB-7A71-45D7-84F0-3056309D2863}
		{6934BA8D-B473-4C16-A2CE-C8A628CB0790} = {55AC5FDA-DAEA-4FF8-9F45-E1C6B9468A78}
		{215735C1-9D3E-44D1-8AC9-3DD286F210AF} = {BE7762AB-7A71-45D7-84F0-3056309D2863}
		{ADB4AC31-849C-40A3-B8EE-3011CDD78B69} = {55AC5FDA-DAEA-4FF8-9F45-E1C6B9468A78}
		{624B07BC-1A53-42BC-9368-03052EC5BE93} = {55AC5FDA-DAEA-4FF8-9F45-E1C6B9468A78}
		{E1A8D6A3-AC27-4E9E-AD80-B036B72E08B0} = {55AC5FDA-DAEA-4FF8-9F45-E1C6B9468A78}
		{AD4EB554-8FC8-477D-8697-C85BEA266266} = {9EAD46C1-F2EA-4F5B-8F6D-7B2695ADB16E}
		{A1AB1D04-D7B9-4222-A114-26567A920DF2} = {9EAD46C1-F2EA-4F5B-8F6D-7B2695ADB16E}
		{5E39F993-66EC-4E2A-B841-4B22E8E7C187} = {9EAD46C1-F2EA-4F5B-8F6D-7B2695ADB16E}
		{F85F5798-5C6A-44D2-9A57-3A789F01870A} = {9EAD46C1-F2EA-4F5B-8F6D-7B2695ADB16E}
		{DE254909-ACD4-48C6-AEBB-6F3341343E61} = {591375CC-ED4C-4CBC-845A-353F39E3F091}
		{17E35528-6C52-4D0B-A033-49131EE3B605} = {FA5AEDD0-DC22-45DD-84A4-70CF70F8706A}
		{76557A70-750E-491A-A8B0-4E0111D0ACC5} = {D656D893-5A1A-44BC-A514-0DF622D53E22}
		{0186E025-BFB8-43C4-B22F-6435B90DF0E2} = {D7B5756E-036A-44A8-B0A5-3C16BFC7019A}
		{EA9E4E34-8523-4D7D-B37D-1A17CA04AE71} = {215735C1-9D3E-44D1-8AC9-3DD286F210AF}
		{C2B389E8-9386-4328-B91D-D259E2225AB3} = {591375CC-ED4C-4CBC-845A-353F39E3F091}
	EndGlobalSection
	GlobalSection(ExtensibilityGlobals) = postSolution
		SolutionGuid = {F61D4E50-A064-4F70-BBB0-62F6EC3FFA68}
	EndGlobalSection
EndGlobal
